
Microsoft Visual Studio Solution File, Format Version 12.00
# Visual Studio Version 17
VisualStudioVersion = 17.5.33414.496
MinimumVisualStudioVersion = 10.0.40219.1
Project("{FAE04EC0-301F-11D3-BF4B-00C04F79EFBC}") = "5.6.1", "5.6.1\5.6.1.csproj", "{01CBE797-F718-4B21-9741-7BAA6EE54064}"
EndProject
Global
	GlobalSection(SolutionConfigurationPlatforms) = preSolution
		Debug|Any CPU = Debug|Any CPU
		Release|Any CPU = Release|Any CPU
	EndGlobalSection
	GlobalSection(ProjectConfigurationPlatforms) = postSolution
		{01CBE797-F718-4B21-9741-7BAA6EE54064}.Debug|Any CPU.ActiveCfg = Debug|Any CPU
		{01CBE797-F718-4B21-9741-7BAA6EE54064}.Debug|Any CPU.Build.0 = Debug|Any CPU
		{01CBE797-F718-4B21-9741-7BAA6EE54064}.Release|Any CPU.ActiveCfg = Release|Any CPU
		{01CBE797-F718-4B21-9741-7BAA6EE54064}.Release|Any CPU.Build.0 = Release|Any CPU
	EndGlobalSection
	GlobalSection(SolutionProperties) = preSolution
		HideSolutionNode = FALSE
	EndGlobalSection
	GlobalSection(ExtensibilityGlobals) = postSolution
		SolutionGuid = {9CE1319E-2938-45E3-B14F-F047F29C4231}
	EndGlobalSection
EndGlobal
